# This file was autogenerated by Stack.
# You should not edit this file by hand.
# For more information, please see the documentation at:
#   https://docs.haskellstack.org/en/stable/lock_files

packages:
- completed:
    hackage: dotgen-0.4.2@sha256:309b7cc8a3593a8e48bee7b53020d5f72db156d58edf78a0214f58fbb84b292b,1402
    pantry-tree:
      sha256: d03f332855d4d9b02e96931596e358202bd18032c323fb1abd8fe84299d259cd
      size: 357
  original:
    hackage: dotgen-0.4.2
- completed:
    hackage: fgl-visualize-0.1.0.1@sha256:e682066053a6e75478a08fd6822dd0143a3b8ea23244bdb01dd389a266447c5e,995
    pantry-tree:
      sha256: 969d6b60ea298ffb81697dd350e76774a2f876103a147117f832400451ad2cc3
      size: 224
  original:
    hackage: fgl-visualize-0.1.0.1
- completed:
    hackage: haxy-1.0.1@sha256:583199a724d204d453a0cdbff61d446076443ea9c9c3ce89a5c62b7ba563bd49,1672
    pantry-tree:
      sha256: b033f0a0fbef880bdc9b10d4e3a9ef506bb3a824659a504a0efc321aab5905c9
      size: 265
  original:
    hackage: haxy-1.0.1
- completed:
    hackage: hjson-1.3.2@sha256:3f8d4a582efbbd4265ab6035a71efa13aa3fc85e71e556c5613e5c9da0e8e325,456
    pantry-tree:
      sha256: c3770f03b0e996351d00de8b5ec156fd0809aae0708374cb2564dbf36d556da4
      size: 263
  original:
    hackage: hjson-1.3.2
- completed:
    hackage: hjson-query-1.0.2@sha256:58f1e20b8df42017cf02469bcf7ef92c223e0afe226f0532e449510bdcd7bf24,718
    pantry-tree:
      sha256: fc903208be4d7762fe58926ba64775947ea3175f7e2efd8609d0a3881810a986
      size: 279
  original:
    hackage: hjson-query-1.0.2
- completed:
    hackage: http-encodings-0.9.3@sha256:5d6088d3d3691cec6febb92f81d5034a69bcf6d319230d5a478d79cb79b0e6f9,1915
    pantry-tree:
      sha256: 82d48b4ff597deba07557d0a3bf38fa438597994eb76421b940eeaf81ddb77b4
      size: 442
  original:
    hackage: http-encodings-0.9.3
- completed:
    hackage: http-server-1.0.6@sha256:56830d13b07697107f1ce6bf6c08439662fdc821550a3b4e66df5a62edf41374,1453
    pantry-tree:
      sha256: a98ad06ec18c9afc9fe2fc234e72c3e041a0ca2d76639b10569f93a447a531ea
      size: 738
  original:
    hackage: http-server-1.0.6
- completed:
    hackage: mime-0.4.0.2@sha256:208947d9d1a19d08850be67ecb28c6e776db697f3bba05bd9d682e51a59f241f,983
    pantry-tree:
      sha256: f2529a2e1678074ca0340ff60caa986f4e246d7d9abe8186657910c2900364bb
      size: 565
  original:
    hackage: mime-0.4.0.2
- completed:
    hackage: reverse-apply-2.0.1@sha256:6d6bf08621c63a613afa9baadd6035ac7c141d4d98d0318a5d1b42d575242c85,651
    pantry-tree:
      sha256: 9d484cc8c4cbe90d550d1502b3743cb9c5de494ce47053844c66b4817a4298c7
      size: 225
  original:
    hackage: reverse-apply-2.0.1
- completed:
    hackage: iconv-0.4.1.3@sha256:4ed36bee4af30bc2948aa3dde8da5025f1c4a3bb878dea4c03553eab643b3700,1237
    pantry-tree:
      sha256: e479d30bfa1a6fa6e72229266e5913631d80f9e618a8016f9e7a2335a6993ec2
      size: 550
  original:
    hackage: iconv-0.4.1.3
- completed:
    hackage: pretty-tree-0.1.0.0@sha256:49b0e17008f9d30328db2bcc2958f3a7b78d154d2335c2dbaa2073e237b524ae,668
    pantry-tree:
      sha256: 810d2e5cafbecd6d0d0af42b2522d9e55be0241a03a688cdde2cca10490e1b0a
      size: 214
  original:
    hackage: pretty-tree-0.1.0.0
- completed:
    hackage: arrows-0.4.4.1@sha256:997e572956e8a78b4f4da82a096e46e502e3e08de761f462cf8f55db51ad8de8,1197
    pantry-tree:
      sha256: 5d1cd42f7f6adc0da3ad8847cb4f31cef25b8fca2679e20375064193cb64445a
      size: 1035
  original:
    hackage: arrows-0.4.4.1
- completed:
    hackage: zlib-0.5.4.2@sha256:261dfd3e3a69289f454833ddf15d91cedf1965cc383da264bb3343d9e924a140,2343
    pantry-tree:
      sha256: b18cf035d3a076ce869ce3b774e427bd6bbb8836ad41b50ded6dcf7f3ca8ba16
      size: 1788
  original:
    hackage: zlib-0.5.4.2
- completed:
    hackage: Stream-0.4.7.2@sha256:ed78165aa34c4e23dc53c9072f8715d414a585037f2145ea0eb2b38300354c53,1009
    pantry-tree:
      sha256: 009fe33c4779bd1705a26f9b036f0996e9fc85df06418aec3dda967554e6ef83
      size: 207
  original:
    hackage: Stream-0.4.7.2
- completed:
    hackage: lazysmallcheck-0.6@sha256:dac7a1e4877681f1260309e863e896674dd6efc1159897b7945893e693f2a6bc,1696
    pantry-tree:
      sha256: aea6b83dd91703fd130d98ecfed88b8f16841b22990c837c8fde89f9f6cca809
      size: 2008
  original:
    hackage: lazysmallcheck-0.6
- completed:
    hackage: groom-0.1.2@sha256:08df8da4232bfbe1ac631a3a5dbe77364370ad24f4613ecfb247d2a6c9e81329,1660
    pantry-tree:
      sha256: 8e16f0e522d84753fdac9a45f5290af3defe9e46a51341b2e94f25f7f89aaa8e
      size: 155
  original:
    hackage: groom-0.1.2
- completed:
    hackage: directory-1.2.6.3@sha256:16a2d252db7cb531bac628229aab61698373ac6d67af7aed5b608b045d66e5f9,2674
    pantry-tree:
      sha256: 6d53273735a2ee47a265f360d9664fc833018adf673240c7f14a932efc3655bf
      size: 2684
  original:
    hackage: directory-1.2.6.3
- completed:
    name: language-ecmascript
    pantry-tree:
      sha256: ddafeef1877c195a6f14f92d6bbfee7c84bd39d1257f2bac81f6a225a73eea06
      size: 6191
    sha256: e965ba3a06eb070e53bbdb3c69d3f54d270ce572a46148a421c6e5a7568d0520
    size: 122678
    url: https://github.com/jswebtools/language-ecmascript/archive/c90b4b9e65809d37a65e0328725b91a52dfed1d6.tar.gz
    version: 5.0.0
  original:
    url: https://github.com/jswebtools/language-ecmascript/archive/c90b4b9e65809d37a65e0328725b91a52dfed1d6.tar.gz
- completed:
    name: language-ecmascript-analysis
    pantry-tree:
      sha256: 96f3913bea7bcfd4a9b58519bf633f389f0ce79843d5f0ed0a242e584b705828
      size: 796
    sha256: 4a37e329f0b4807ab0b05f0c1bdccdeff628c5dd9380be1f64e30bea70c1d1d5
    size: 8358
    url: https://github.com/jswebtools/language-ecmascript-analysis/archive/dd0751f2bf12dd7ed5670ca2b9b71ff5b3d1219e.tar.gz
    version: 5.0.0
  original:
    url: https://github.com/jswebtools/language-ecmascript-analysis/archive/dd0751f2bf12dd7ed5670ca2b9b71ff5b3d1219e.tar.gz
- completed:
    name: jespresso
    pantry-tree:
      sha256: e64581114b3319a85ec60b74042cc8b750ce3c5861ee7b1c29a18518c3dfb389
      size: 1345
    sha256: ee215e8a8e04d44405ca2ab1a1d39897d92db3329380f3325a76b6b38fe3fd7b
    size: 14299
    url: https://github.com/achudnov/jespresso/archive/ff3228814152e84e2fe1aff8465eb439fd667254.tar.gz
    version: 1.2.0
  original:
    url: https://github.com/achudnov/jespresso/archive/ff3228814152e84e2fe1aff8465eb439fd667254.tar.gz
- completed:
    hackage: process-1.6.18.0@sha256:8b4bce2749e4f61a440049e6088487003e8023c720e2019345e399d50888594f,3148
    pantry-tree:
      sha256: 8ea7f21f2cd49da719521c37c551e7827f4e5eee0a5edcf185c5f1619e9151c4
      size: 1675
  original:
    hackage: process-1.6.18.0@sha256:8b4bce2749e4f61a440049e6088487003e8023c720e2019345e399d50888594f,3148
snapshots:
- completed:
    sha256: 7b37fa4c6735fbd810fff5acf5fdd6065f80908f91138edd767766070717f829
    size: 423850
    url: https://raw.githubusercontent.com/commercialhaskell/stackage-snapshots/master/lts/6/10.yaml
  original: lts-6.10
